
Microsoft Visual Studio Solution File, Format Version 12.00
# Visual Studio Version 17
VisualStudioVersion = 17.4.33122.133
MinimumVisualStudioVersion = 10.0.40219.1
Project("{9A19103F-16F7-4668-BE54-9A1E7A4F7556}") = "Video Recorder QA", "Video Recorder QA\Video Recorder QA.csproj", "{75F5AD9F-FE51-4324-B540-CCB07C2AE042}"
EndProject
Global
	GlobalSection(SolutionConfigurationPlatforms) = preSolution
		Debug|Any CPU = Debug|Any CPU
		Debug|ARM64 = Debug|ARM64
		Debug|x64 = Debug|x64
		Release|Any CPU = Release|Any CPU
		Release|ARM64 = Release|ARM64
		Release|x64 = Release|x64
	EndGlobalSection
	GlobalSection(ProjectConfigurationPlatforms) = postSolution
		{75F5AD9F-FE51-4324-B540-CCB07C2AE042}.Debug|Any CPU.ActiveCfg = Debug|Any CPU
		{75F5AD9F-FE51-4324-B540-CCB07C2AE042}.Debug|Any CPU.Build.0 = Debug|Any CPU
		{75F5AD9F-FE51-4324-B540-CCB07C2AE042}.Debug|ARM64.ActiveCfg = Debug|ARM64
		{75F5AD9F-FE51-4324-B540-CCB07C2AE042}.Debug|ARM64.Build.0 = Debug|ARM64
		{75F5AD9F-FE51-4324-B540-CCB07C2AE042}.Debug|x64.ActiveCfg = Debug|x64
		{75F5AD9F-FE51-4324-B540-CCB07C2AE042}.Debug|x64.Build.0 = Debug|x64
		{75F5AD9F-FE51-4324-B540-CCB07C2AE042}.Release|Any CPU.ActiveCfg = Release|Any CPU
		{75F5AD9F-FE51-4324-B540-CCB07C2AE042}.Release|Any CPU.Build.0 = Release|Any CPU
		{75F5AD9F-FE51-4324-B540-CCB07C2AE042}.Release|ARM64.ActiveCfg = Release|ARM64
		{75F5AD9F-FE51-4324-B540-CCB07C2AE042}.Release|ARM64.Build.0 = Release|ARM64
		{75F5AD9F-FE51-4324-B540-CCB07C2AE042}.Release|x64.ActiveCfg = Release|x64
		{75F5AD9F-FE51-4324-B540-CCB07C2AE042}.Release|x64.Build.0 = Release|x64
	EndGlobalSection
	GlobalSection(SolutionProperties) = preSolution
		HideSolutionNode = FALSE
	EndGlobalSection
	GlobalSection(ExtensibilityGlobals) = postSolution
		SolutionGuid = {408D534C-0030-46AC-8F0C-15F4CBD4FD0A}
	EndGlobalSection
EndGlobal
